
Microsoft Visual Studio Solution File, Format Version 12.00
# Visual Studio 2012
Project("{FAE04EC0-301F-11D3-BF4B-00C04F79EFBC}") = "SMTP Wingo", "SMTP Wingo\SMTP Wingo.csproj", "{42DBFE48-B3C0-4DD0-98DD-B63347E8294B}"
EndProject
Global
	GlobalSection(SolutionConfigurationPlatforms) = preSolution
		Debug|Any CPU = Debug|Any CPU
		Release|Any CPU = Release|Any CPU
	EndGlobalSection
	GlobalSection(ProjectConfigurationPlatforms) = postSolution
		{42DBFE48-B3C0-4DD0-98DD-B63347E8294B}.Debug|Any CPU.ActiveCfg = Debug|Any CPU
		{42DBFE48-B3C0-4DD0-98DD-B63347E8294B}.Debug|Any CPU.Build.0 = Debug|Any CPU
		{42DBFE48-B3C0-4DD0-98DD-B63347E8294B}.Release|Any CPU.ActiveCfg = Release|Any CPU
		{42DBFE48-B3C0-4DD0-98DD-B63347E8294B}.Release|Any CPU.Build.0 = Release|Any CPU
	EndGlobalSection
	GlobalSection(SolutionProperties) = preSolution
		HideSolutionNode = FALSE
	EndGlobalSection
EndGlobal
